
Microsoft Visual Studio Solution File, Format Version 12.00
# Visual Studio Version 17
VisualStudioVersion = 17.4.33213.308
MinimumVisualStudioVersion = 10.0.40219.1
Project("{FAE04EC0-301F-11D3-BF4B-00C04F79EFBC}") = "OrderManagement", "OrderManagement\OrderManagement.csproj", "{EE7F0BD5-D653-468A-94AB-0B15CD174B1A}"
EndProject
Global
	GlobalSection(SolutionConfigurationPlatforms) = preSolution
		Debug|Any CPU = Debug|Any CPU
		Release|Any CPU = Release|Any CPU
	EndGlobalSection
	GlobalSection(ProjectConfigurationPlatforms) = postSolution
		{EE7F0BD5-D653-468A-94AB-0B15CD174B1A}.Debug|Any CPU.ActiveCfg = Debug|Any CPU
		{EE7F0BD5-D653-468A-94AB-0B15CD174B1A}.Debug|Any CPU.Build.0 = Debug|Any CPU
		{EE7F0BD5-D653-468A-94AB-0B15CD174B1A}.Release|Any CPU.ActiveCfg = Release|Any CPU
		{EE7F0BD5-D653-468A-94AB-0B15CD174B1A}.Release|Any CPU.Build.0 = Release|Any CPU
	EndGlobalSection
	GlobalSection(SolutionProperties) = preSolution
		HideSolutionNode = FALSE
	EndGlobalSection
	GlobalSection(ExtensibilityGlobals) = postSolution
		SolutionGuid = {92641BAD-E8D3-4DBA-8C98-EC23855EC4E7}
	EndGlobalSection
EndGlobal
